<?xml version="1.0" encoding="utf-8"?>
<Project ToolsVersion="4.0" xmlns="http://schemas.microsoft.com/developer/msbuild/2003">
  <ItemGroup>
    <Filter Include="Source Files">
      <UniqueIdentifier>{4FC737F1-C7A5-4376-A066-2A32D752A2FF}</UniqueIdentifier>
      <Extensions>cpp;c;cc;cxx;def;odl;idl;hpj;bat;asm;asmx</Extensions>
    </Filter>
    <Filter Include="Header Files">
      <UniqueIdentifier>{93995380-89BD-4b04-88EB-625FBE52EBFB}</UniqueIdentifier>
      <Extensions>h;hpp;hxx;hm;inl;inc;xsd</Extensions>
    </Filter>
    <Filter Include="Resource Files">
      <UniqueIdentifier>{67DA6AB6-F800-4c08-8B7A-83BB121AAD01}</UniqueIdentifier>
      <Extensions>rc;ico;cur;bmp;dlg;rc2;rct;bin;rgs;gif;jpg;jpeg;jpe;resx;tiff;tif;png;wav</Extensions>
    </Filter>
  </ItemGroup>
  <ItemGroup>
    <ClCompile Include="utilities\src\Exception.cpp">
      <Filter>Source Files</Filter>
    </ClCompile>
    <ClCompile Include="graphics\src\VBO.cpp">
      <Filter>Source Files</Filter>
    </ClCompile>
    <ClCompile Include="math\src\Math.cpp">
      <Filter>Source Files</Filter>
    </ClCompile>
    <ClCompile Include="network\src\Networking.cpp">
      <Filter>Source Files</Filter>
    </ClCompile>
    <ClCompile Include="network\src\Connection.cpp">
      <Filter>Source Files</Filter>
    </ClCompile>
    <ClCompile Include="network\src\Socket.cpp">
      <Filter>Source Files</Filter>
    </ClCompile>
    <ClCompile Include="physics\src\PhysicsEntity.cpp">
      <Filter>Source Files</Filter>
    </ClCompile>
    <ClCompile Include="physics\src\Gravity.cpp">
      <Filter>Source Files</Filter>
    </ClCompile>
    <ClCompile Include="utilities\src\Utilities.cpp">
      <Filter>Source Files</Filter>
    </ClCompile>
    <ClCompile Include="updater\src\Updater.cpp">
      <Filter>Source Files</Filter>
    </ClCompile>
    <ClCompile Include="utilities\src\3DVec.cpp">
      <Filter>Source Files</Filter>
    </ClCompile>
    <ClCompile Include="window\src\Window.cpp">
      <Filter>Source Files</Filter>
    </ClCompile>
  </ItemGroup>
  <ItemGroup>
    <ClInclude Include="utilities\src\Exception.h">
      <Filter>Header Files</Filter>
    </ClInclude>
    <ClInclude Include="graphics\src\PhysicsObject.h">
      <Filter>Header Files</Filter>
    </ClInclude>
    <ClInclude Include="graphics\src\VBO.h">
      <Filter>Header Files</Filter>
    </ClInclude>
    <ClInclude Include="math\src\Math.h">
      <Filter>Header Files</Filter>
    </ClInclude>
    <ClInclude Include="network\src\Networking.h">
      <Filter>Header Files</Filter>
    </ClInclude>
    <ClInclude Include="network\src\Connection.h">
      <Filter>Header Files</Filter>
    </ClInclude>
    <ClInclude Include="network\src\Socket.h">
      <Filter>Header Files</Filter>
    </ClInclude>
    <ClInclude Include="physics\src\PhysicsEntity.h">
      <Filter>Header Files</Filter>
    </ClInclude>
    <ClInclude Include="physics\src\Gravity.h">
      <Filter>Header Files</Filter>
    </ClInclude>
    <ClInclude Include="utilities\src\Utilities.h">
      <Filter>Header Files</Filter>
    </ClInclude>
    <ClInclude Include="updater\src\Updater.h">
      <Filter>Header Files</Filter>
    </ClInclude>
    <ClInclude Include="utilities\src\Vector.h">
      <Filter>Header Files</Filter>
    </ClInclude>
    <ClInclude Include="window\src\Window.h">
      <Filter>Header Files</Filter>
    </ClInclude>
  </ItemGroup>
</Project>